
Microsoft Visual Studio Solution File, Format Version 12.00
# Visual Studio Version 17
VisualStudioVersion = 17.9.34607.119
MinimumVisualStudioVersion = 10.0.40219.1
Project("{9A19103F-16F7-4668-BE54-9A1E7A4F7556}") = "FarmaciaApi", "FarmaciaApi\FarmaciaApi.csproj", "{B3767203-ED1F-4B64-B226-6AD0C7440F30}"
EndProject
Project("{E53339B2-1760-4266-BCC7-CA923CBCF16C}") = "docker-compose", "docker-compose.dcproj", "{6CFF639F-5E5E-406D-BCA6-4510C967C596}"
EndProject
Global
	GlobalSection(SolutionConfigurationPlatforms) = preSolution
		Debug|Any CPU = Debug|Any CPU
		Release|Any CPU = Release|Any CPU
	EndGlobalSection
	GlobalSection(ProjectConfigurationPlatforms) = postSolution
		{B3767203-ED1F-4B64-B226-6AD0C7440F30}.Debug|Any CPU.ActiveCfg = Debug|Any CPU
		{B3767203-ED1F-4B64-B226-6AD0C7440F30}.Debug|Any CPU.Build.0 = Debug|Any CPU
		{B3767203-ED1F-4B64-B226-6AD0C7440F30}.Release|Any CPU.ActiveCfg = Release|Any CPU
		{B3767203-ED1F-4B64-B226-6AD0C7440F30}.Release|Any CPU.Build.0 = Release|Any CPU
		{6CFF639F-5E5E-406D-BCA6-4510C967C596}.Debug|Any CPU.ActiveCfg = Debug|Any CPU
		{6CFF639F-5E5E-406D-BCA6-4510C967C596}.Debug|Any CPU.Build.0 = Debug|Any CPU
		{6CFF639F-5E5E-406D-BCA6-4510C967C596}.Release|Any CPU.ActiveCfg = Release|Any CPU
		{6CFF639F-5E5E-406D-BCA6-4510C967C596}.Release|Any CPU.Build.0 = Release|Any CPU
	EndGlobalSection
	GlobalSection(SolutionProperties) = preSolution
		HideSolutionNode = FALSE
	EndGlobalSection
	GlobalSection(ExtensibilityGlobals) = postSolution
		SolutionGuid = {3E81970E-9224-4E8C-929C-58B63D1EB08D}
	EndGlobalSection
EndGlobal
